<?xml version="1.0" encoding="utf-8"?>
<Project ToolsVersion="4.0" xmlns="http://schemas.microsoft.com/developer/msbuild/2003">
  <ItemGroup>
    <Filter Include="Engine">
      <UniqueIdentifier>{73172740-1eca-4068-bfc6-2bc86ce71eee}</UniqueIdentifier>
    </Filter>
    <Filter Include="Engine\Parser">
      <UniqueIdentifier>{b7bbd3bf-8a05-41c8-a212-f0e8ca312597}</UniqueIdentifier>
    </Filter>
    <Filter Include="Engine\Render">
      <UniqueIdentifier>{856aff83-901f-4a56-9b2f-9ce8a5031727}</UniqueIdentifier>
    </Filter>
    <Filter Include="Engine\Game API">
      <UniqueIdentifier>{de4b6598-bd2f-4a04-8ca8-9070d9ded419}</UniqueIdentifier>
    </Filter>
    <Filter Include="Engine\Sound Manager">
      <UniqueIdentifier>{19deb21c-71ab-499c-91c3-241240de6d4c}</UniqueIdentifier>
    </Filter>
    <Filter Include="Engine\Script">
      <UniqueIdentifier>{4364814f-2290-473e-9fc4-bab6d230c6e2}</UniqueIdentifier>
    </Filter>
    <Filter Include="Engine\Error Logger">
      <UniqueIdentifier>{909917f0-ab07-43ea-8125-fdf28a80eca9}</UniqueIdentifier>
    </Filter>
    <Filter Include="Engine\Render\2D">
      <UniqueIdentifier>{a5eb99c1-fe12-4c41-b689-4fc742a2e71d}</UniqueIdentifier>
    </Filter>
    <Filter Include="Engine\Game API\Visual novel">
      <UniqueIdentifier>{4787349e-41a6-4c81-b507-5f33b3a55bb0}</UniqueIdentifier>
    </Filter>
    <Filter Include="Engine\Allocator">
      <UniqueIdentifier>{d0e7ed40-4af3-4c53-abe9-e84bfb4d767a}</UniqueIdentifier>
    </Filter>
  </ItemGroup>
  <ItemGroup>
    <ClInclude Include="Engine.h">
      <Filter>Engine</Filter>
    </ClInclude>
    <ClInclude Include="Parser.h">
      <Filter>Engine\Parser</Filter>
    </ClInclude>
    <ClInclude Include="SoundManager.h">
      <Filter>Engine\Sound Manager</Filter>
    </ClInclude>
    <ClInclude Include="Script.h">
      <Filter>Engine\Script</Filter>
    </ClInclude>
    <ClInclude Include="ErrorLogger.h">
      <Filter>Engine\Error Logger</Filter>
    </ClInclude>
    <ClInclude Include="Render.h">
      <Filter>Engine\Render\2D</Filter>
    </ClInclude>
    <ClInclude Include="Companion.h">
      <Filter>Engine\Game API\Visual novel</Filter>
    </ClInclude>
    <ClInclude Include="Dialog.h">
      <Filter>Engine\Game API\Visual novel</Filter>
    </ClInclude>
    <ClInclude Include="Scene.h">
      <Filter>Engine\Game API\Visual novel</Filter>
    </ClInclude>
    <ClInclude Include="ScriptRender.h">
      <Filter>Engine\Script</Filter>
    </ClInclude>
    <ClInclude Include="Allocator.h">
      <Filter>Engine\Allocator</Filter>
    </ClInclude>
    <ClInclude Include="EngineFunctions_Lua.h">
      <Filter>Engine\Script</Filter>
    </ClInclude>
    <ClInclude Include="Console.h">
      <Filter>Engine\Game API</Filter>
    </ClInclude>
    <ClInclude Include="stdafx.h" />
    <ClInclude Include="targetver.h" />
  </ItemGroup>
  <ItemGroup>
    <ClCompile Include="Engine.cpp">
      <Filter>Engine</Filter>
    </ClCompile>
    <ClCompile Include="Parser.cpp">
      <Filter>Engine\Parser</Filter>
    </ClCompile>
    <ClCompile Include="SoundManager.cpp">
      <Filter>Engine\Sound Manager</Filter>
    </ClCompile>
    <ClCompile Include="Script.cpp">
      <Filter>Engine\Script</Filter>
    </ClCompile>
    <ClCompile Include="Console.cpp">
      <Filter>Engine\Game API</Filter>
    </ClCompile>
    <ClCompile Include="ErrorLogger.cpp">
      <Filter>Engine\Error Logger</Filter>
    </ClCompile>
    <ClCompile Include="Render.cpp">
      <Filter>Engine\Render\2D</Filter>
    </ClCompile>
    <ClCompile Include="Companion.cpp">
      <Filter>Engine\Game API\Visual novel</Filter>
    </ClCompile>
    <ClCompile Include="Dialog.cpp">
      <Filter>Engine\Game API\Visual novel</Filter>
    </ClCompile>
    <ClCompile Include="Scene.cpp">
      <Filter>Engine\Game API\Visual novel</Filter>
    </ClCompile>
    <ClCompile Include="ScriptRender.cpp">
      <Filter>Engine\Script</Filter>
    </ClCompile>
    <ClCompile Include="Allocator.cpp">
      <Filter>Engine\Allocator</Filter>
    </ClCompile>
    <ClCompile Include="EngineFunctions_Lua.cpp">
      <Filter>Engine\Script</Filter>
    </ClCompile>
    <ClCompile Include="Camera.cpp">
      <Filter>Engine\Game API</Filter>
    </ClCompile>
  </ItemGroup>
</Project>